
Microsoft Visual Studio Solution File, Format Version 12.00
# Visual Studio Version 17
VisualStudioVersion = 17.5.33502.453
MinimumVisualStudioVersion = 10.0.40219.1
Project("{FAE04EC0-301F-11D3-BF4B-00C04F79EFBC}") = "LearningWebApi", "LearningWebApi\LearningWebApi.csproj", "{11D2FC15-B2B8-4B2A-AB6C-A0AED3ACDB22}"
EndProject
Global
	GlobalSection(SolutionConfigurationPlatforms) = preSolution
		Debug|Any CPU = Debug|Any CPU
		Release|Any CPU = Release|Any CPU
	EndGlobalSection
	GlobalSection(ProjectConfigurationPlatforms) = postSolution
		{11D2FC15-B2B8-4B2A-AB6C-A0AED3ACDB22}.Debug|Any CPU.ActiveCfg = Debug|Any CPU
		{11D2FC15-B2B8-4B2A-AB6C-A0AED3ACDB22}.Debug|Any CPU.Build.0 = Debug|Any CPU
		{11D2FC15-B2B8-4B2A-AB6C-A0AED3ACDB22}.Release|Any CPU.ActiveCfg = Release|Any CPU
		{11D2FC15-B2B8-4B2A-AB6C-A0AED3ACDB22}.Release|Any CPU.Build.0 = Release|Any CPU
	EndGlobalSection
	GlobalSection(SolutionProperties) = preSolution
		HideSolutionNode = FALSE
	EndGlobalSection
	GlobalSection(ExtensibilityGlobals) = postSolution
		SolutionGuid = {EF7C1141-880B-4BA1-9785-36368874A758}
	EndGlobalSection
EndGlobal
